41.neocities.org/platform v1.5.2 h1:+x2iDYCeUXj3sk4e5/4+lRW+PFF7MlF9Ww2ZDYvJ0Ko=
41.neocities.org/platform v1.5.2/go.mod h1:fyEn1c+xbaFwBljKKvSjab6drqLulqpMeIo8OEWFO1I=
41.neocities.org/text v1.3.5 h1:0PwqWXKIgJghFO0Ft21Dd+esyThTwwBgmO0H+zWHgrQ=
41.neocities.org/text v1.3.5/go.mod h1:0y7K0Lgi+FZD0UwnyS5+G4njXypzm/b98GU52s32KH0=
