154.pages.dev/encoding v1.14.6 h1:M7gBXElAHHGAWG/W2vPxpxo203fmd+dF0nJAt0mthm8=
154.pages.dev/encoding v1.14.6/go.mod h1:KHWBwxsigaRVpDqFu8UgUcJzvEW3qJveq9YfVV90OiY=
154.pages.dev/http v1.2.0 h1:QNHsgkYnTipXehMI9CwUwokjplHnFWfL0aRXKbxEaz8=
154.pages.dev/http v1.2.0/go.mod h1:RcEoCgSJOps8lza3slrsTElQDnb1rmmEfzpUOVvRV3k=
154.pages.dev/media v1.7.0 h1:gZv5r7XldUl+IKR32CguxCJGgJCoNQlCsEspoIahf9s=
154.pages.dev/media v1.7.0/go.mod h1:xylGw6DPODF1d9tRUDQHC2oG8PK3A6MN7k2kGgDwGQ8=
