154.pages.dev/encoding v1.22.5 h1:p+7WKtVTegCFq2YHDiR1VLYcCImr4T53CsfueuZzvIs=
154.pages.dev/encoding v1.22.5/go.mod h1:fTySlfwgtzBCCjzr+f4ncnWleN3AGgUilIWjGy2MPcw=
154.pages.dev/platform v1.4.6 h1:rWgEQ8Dqp9/5OTZAwi7pPJ46nTYFCFVO/wJ8D7uHihA=
154.pages.dev/platform v1.4.6/go.mod h1:6bODDOtZoyOnGeMr75L0wt1t8wt+DqzEHG2/HSjOyB8=
