154.pages.dev/platform v1.4.7 h1:otA+VJEA0cS0l9kiFYztas3QG/NtWN7tnVwc6YDnsAg=
154.pages.dev/platform v1.4.7/go.mod h1:y1ED585SlCrwLX4OG/y5Lx5+44S7RiDf04DzGFw3NIA=
154.pages.dev/text v1.2.2 h1:vfpyStBBllcdJossyTZXRIDowPEIBPkGM6aIwrtONSM=
154.pages.dev/text v1.2.2/go.mod h1:UvyUI44OzPxT7aBKgFMCqA8simgm/OMEvNSn+UxbW8o=
