154.pages.dev/platform v1.4.9 h1:VnMvi0c6vz3hBRbUUCRFcXwzVZXm7tmv5eQKUzsOrbY=
154.pages.dev/platform v1.4.9/go.mod h1:PCHhz9WoxPprIntlcRatNOw7w+5VAjt+LcjhlIjd3SA=
154.pages.dev/text v1.3.0 h1:ocyezNKavPQxSeoAGtDt1cOyWVJSq5PZV2QFCGwuqHE=
154.pages.dev/text v1.3.0/go.mod h1:UvyUI44OzPxT7aBKgFMCqA8simgm/OMEvNSn+UxbW8o=
